{
  "name": "alenprovider",
  "version": "1.0.0",
  "lockfileVersion": 1,
  "requires": true,
  "dependencies": {
    "async": {
      "version": "2.6.1",
      "resolved": "http://rb-npm-registry.de.bosch.com/a/async/_attachments/async-2.6.1.tgz",
      "integrity": "sha512-fNEiL2+AZt6AlAw/29Cr0UDe4sRAHCpEHh54WMz+Bb7QfNcFw4h3loofyJpLeQs4Yx7yuqu/2dLgM5hKOs6HlQ==",
      "requires": {
        "lodash": "4.17.10"
      }
    },
    "babel-polyfill": {
      "version": "6.26.0",
      "resolved": "http://rb-npm-registry.de.bosch.com/b/babel-polyfill/_attachments/babel-polyfill-6.26.0.tgz",
      "integrity": "sha1-N5k3q8Z9eJWXCtxiHyhM2WbPIVM=",
      "requires": {
        "babel-runtime": "6.26.0",
        "core-js": "2.5.7",
        "regenerator-runtime": "0.10.5"
      }
    },
    "babel-runtime": {
      "version": "6.26.0",
      "resolved": "http://rb-npm-registry.de.bosch.com/b/babel-runtime/_attachments/babel-runtime-6.26.0.tgz",
      "integrity": "sha1-llxwWGaOgrVde/4E/yM3vItWR/4=",
      "requires": {
        "core-js": "2.5.7",
        "regenerator-runtime": "0.11.1"
      },
      "dependencies": {
        "regenerator-runtime": {
          "version": "0.11.1",
          "resolved": "http://rb-npm-registry.de.bosch.com/r/regenerator-runtime/_attachments/regenerator-runtime-0.11.1.tgz",
          "integrity": "sha512-MguG95oij0fC3QV3URf4V2SDYGJhJnJGqvIIgdECeODCT98wSWDAJ94SSuVpYQUoTcGUIL6L4yNB7j1DFFHSBg=="
        }
      }
    },
    "bignumber.js": {
      "version": "4.1.0",
      "resolved": "http://rb-npm-registry.de.bosch.com/b/bignumber.js/_attachments/bignumber.js-4.1.0.tgz",
      "integrity": "sha512-eJzYkFYy9L4JzXsbymsFn3p54D+llV27oTQ+ziJG7WFRheJcNZilgVXMG0LoZtlQSKBsJdWtLFqOD0u+U0jZKA=="
    },
    "core-js": {
      "version": "2.5.7",
      "resolved": "http://rb-npm-registry.de.bosch.com/c/core-js/_attachments/core-js-2.5.7.tgz",
      "integrity": "sha512-RszJCAxg/PP6uzXVXL6BsxSXx/B05oJAQ2vkJRjyjrEcNVycaqOmNb5OTxZPE3xa5gwZduqza6L9JOCenh/Ecw=="
    },
    "crypto-js": {
      "version": "3.1.9-1",
      "resolved": "http://rb-npm-registry.de.bosch.com/c/crypto-js/_attachments/crypto-js-3.1.9-1.tgz",
      "integrity": "sha1-/aGedh/Ad+Af+/3G6f38WeiAbNg="
    },
    "dotenv": {
      "version": "5.0.1",
      "resolved": "https://registry.npmjs.org/dotenv/-/dotenv-5.0.1.tgz",
      "integrity": "sha512-4As8uPrjfwb7VXC+WnLCbXK7y+Ueb2B3zgNCePYfhxS1PYeaO1YTeplffTEcbfLhvFNGLAz90VvJs9yomG7bow=="
    },
    "fs": {
      "version": "0.0.1-security",
      "resolved": "https://registry.npmjs.org/fs/-/fs-0.0.1-security.tgz",
      "integrity": "sha1-invTcYa23d84E/I4WLV+yq9eQdQ="
    },
    "iota.crypto.js": {
      "version": "0.4.2",
      "resolved": "http://rb-npm-registry.de.bosch.com/i/iota.crypto.js/_attachments/iota.crypto.js-0.4.2.tgz",
      "integrity": "sha512-9zGioJ0LHnHFJAcoQGSEjFhu/JsgJwSoklj8Eshu/GNwVfqRtEcOj4ccrkSMvB2KQJhYUvNXd2YF74IPZXBiIA==",
      "requires": {
        "crypto-js": "3.1.9-1"
      }
    },
    "iota.lib.js": {
      "version": "0.4.7",
      "resolved": "http://rb-npm-registry.de.bosch.com/i/iota.lib.js/_attachments/iota.lib.js-0.4.7.tgz",
      "integrity": "sha1-wq8aeIa4sOI5pLVLXKqd0jnC1+s=",
      "requires": {
        "async": "2.6.1",
        "bignumber.js": "4.1.0",
        "crypto-js": "3.1.9-1",
        "xmlhttprequest": "1.8.0"
      }
    },
    "lodash": {
      "version": "4.17.10",
      "resolved": "http://rb-npm-registry.de.bosch.com/l/lodash/_attachments/lodash-4.17.10.tgz",
      "integrity": "sha512-UejweD1pDoXu+AD825lWwp4ZGtSwgnpZxb3JDViD7StjQz+Nb/6l093lx4OQ0foGWNRoc19mWy7BzL+UAK2iVg=="
    },
    "pify": {
      "version": "4.0.0",
      "resolved": "http://rb-npm-registry.de.bosch.com/p/pify/_attachments/pify-4.0.0.tgz",
      "integrity": "sha512-zrSP/KDf9DH3K3VePONoCstgPiYJy9z0SCatZuTpOc7YdnWIqwkWdXOuwlr4uDc7em8QZRsFWsT/685x5InjYg=="
    },
    "regenerator-runtime": {
      "version": "0.10.5",
      "resolved": "http://rb-npm-registry.de.bosch.com/r/regenerator-runtime/_attachments/regenerator-runtime-0.10.5.tgz",
      "integrity": "sha1-M2w+/BIgrc7dosn6tntaeVWjNlg="
    },
    "xmlhttprequest": {
      "version": "1.8.0",
      "resolved": "http://rb-npm-registry.de.bosch.com/x/xmlhttprequest/_attachments/xmlhttprequest-1.8.0.tgz",
      "integrity": "sha1-Z/4HXFwk/vOfnWX197f+dRcZaPw="
    }
  }
}
